
Microsoft Visual Studio Solution File, Format Version 12.00
# Visual Studio 2012
Project("{FAE04EC0-301F-11D3-BF4B-00C04F79EFBC}") = "App", "App\App.csproj", "{B7D34777-A34C-4037-8B19-6744EC3FA1F4}"
EndProject
Project("{FAE04EC0-301F-11D3-BF4B-00C04F79EFBC}") = "BL", "BL\BL.csproj", "{DA441B96-8DED-4E54-9CD4-A5BE9F12686A}"
EndProject
Project("{FAE04EC0-301F-11D3-BF4B-00C04F79EFBC}") = "DAL", "DAL\DAL.csproj", "{90F7AC92-B45D-45E4-80EA-2D9F4BF02576}"
EndProject
Project("{FAE04EC0-301F-11D3-BF4B-00C04F79EFBC}") = "WcfService", "WcfService\WcfService.csproj", "{5FBB83FE-43F5-49BC-9E59-BA62103DEA2E}"
EndProject
Project("{FAE04EC0-301F-11D3-BF4B-00C04F79EFBC}") = "WebApplication", "WebApplication\WebApplication.csproj", "{3F8FD9D8-46EF-43AD-B320-ABFD1E44111A}"
EndProject
Project("{FAE04EC0-301F-11D3-BF4B-00C04F79EFBC}") = "MvcApplication", "MvcApplication\MvcApplication.csproj", "{4EF4A776-2DE0-4BFE-9763-90B90EAE71C6}"
EndProject
Global
	GlobalSection(SolutionConfigurationPlatforms) = preSolution
		Debug|Any CPU = Debug|Any CPU
		Release|Any CPU = Release|Any CPU
	EndGlobalSection
	GlobalSection(ProjectConfigurationPlatforms) = postSolution
		{B7D34777-A34C-4037-8B19-6744EC3FA1F4}.Debug|Any CPU.ActiveCfg = Debug|Any CPU
		{B7D34777-A34C-4037-8B19-6744EC3FA1F4}.Debug|Any CPU.Build.0 = Debug|Any CPU
		{B7D34777-A34C-4037-8B19-6744EC3FA1F4}.Release|Any CPU.ActiveCfg = Release|Any CPU
		{B7D34777-A34C-4037-8B19-6744EC3FA1F4}.Release|Any CPU.Build.0 = Release|Any CPU
		{DA441B96-8DED-4E54-9CD4-A5BE9F12686A}.Debug|Any CPU.ActiveCfg = Debug|Any CPU
		{DA441B96-8DED-4E54-9CD4-A5BE9F12686A}.Debug|Any CPU.Build.0 = Debug|Any CPU
		{DA441B96-8DED-4E54-9CD4-A5BE9F12686A}.Release|Any CPU.ActiveCfg = Release|Any CPU
		{DA441B96-8DED-4E54-9CD4-A5BE9F12686A}.Release|Any CPU.Build.0 = Release|Any CPU
		{90F7AC92-B45D-45E4-80EA-2D9F4BF02576}.Debug|Any CPU.ActiveCfg = Debug|Any CPU
		{90F7AC92-B45D-45E4-80EA-2D9F4BF02576}.Debug|Any CPU.Build.0 = Debug|Any CPU
		{90F7AC92-B45D-45E4-80EA-2D9F4BF02576}.Release|Any CPU.ActiveCfg = Release|Any CPU
		{90F7AC92-B45D-45E4-80EA-2D9F4BF02576}.Release|Any CPU.Build.0 = Release|Any CPU
		{5FBB83FE-43F5-49BC-9E59-BA62103DEA2E}.Debug|Any CPU.ActiveCfg = Debug|Any CPU
		{5FBB83FE-43F5-49BC-9E59-BA62103DEA2E}.Debug|Any CPU.Build.0 = Debug|Any CPU
		{5FBB83FE-43F5-49BC-9E59-BA62103DEA2E}.Release|Any CPU.ActiveCfg = Release|Any CPU
		{5FBB83FE-43F5-49BC-9E59-BA62103DEA2E}.Release|Any CPU.Build.0 = Release|Any CPU
		{3F8FD9D8-46EF-43AD-B320-ABFD1E44111A}.Debug|Any CPU.ActiveCfg = Debug|Any CPU
		{3F8FD9D8-46EF-43AD-B320-ABFD1E44111A}.Debug|Any CPU.Build.0 = Debug|Any CPU
		{3F8FD9D8-46EF-43AD-B320-ABFD1E44111A}.Release|Any CPU.ActiveCfg = Release|Any CPU
		{3F8FD9D8-46EF-43AD-B320-ABFD1E44111A}.Release|Any CPU.Build.0 = Release|Any CPU
		{4EF4A776-2DE0-4BFE-9763-90B90EAE71C6}.Debug|Any CPU.ActiveCfg = Debug|Any CPU
		{4EF4A776-2DE0-4BFE-9763-90B90EAE71C6}.Debug|Any CPU.Build.0 = Debug|Any CPU
		{4EF4A776-2DE0-4BFE-9763-90B90EAE71C6}.Release|Any CPU.ActiveCfg = Release|Any CPU
		{4EF4A776-2DE0-4BFE-9763-90B90EAE71C6}.Release|Any CPU.Build.0 = Release|Any CPU
	EndGlobalSection
	GlobalSection(SolutionProperties) = preSolution
		HideSolutionNode = FALSE
	EndGlobalSection
EndGlobal
